
Microsoft Visual Studio Solution File, Format Version 12.00
# Visual Studio Version 16
VisualStudioVersion = 16.0.30320.27
MinimumVisualStudioVersion = 10.0.40219.1
Project("{888888A0-9F3D-457C-B088-3A5042F75D52}") = "AirlinedataProcessing", "AirlinedataProcessing\AirlinedataProcessing.pyproj", "{67D2292D-2C79-41CE-B6B3-541153107C9B}"
EndProject
Global
	GlobalSection(SolutionConfigurationPlatforms) = preSolution
		Debug|Any CPU = Debug|Any CPU
		Release|Any CPU = Release|Any CPU
	EndGlobalSection
	GlobalSection(ProjectConfigurationPlatforms) = postSolution
		{67D2292D-2C79-41CE-B6B3-541153107C9B}.Debug|Any CPU.ActiveCfg = Debug|Any CPU
		{67D2292D-2C79-41CE-B6B3-541153107C9B}.Release|Any CPU.ActiveCfg = Release|Any CPU
	EndGlobalSection
	GlobalSection(SolutionProperties) = preSolution
		HideSolutionNode = FALSE
	EndGlobalSection
	GlobalSection(ExtensibilityGlobals) = postSolution
		SolutionGuid = {49356F68-8505-4D73-8B71-406C10F90E11}
	EndGlobalSection
EndGlobal
